<?xml version="1.0" encoding="utf-8"?>
<Project ToolsVersion="4.0" xmlns="http://schemas.microsoft.com/developer/msbuild/2003">
  <ItemGroup>
    <Filter Include="src">
      <UniqueIdentifier>{01a91f11-6b94-498b-887c-64298af98ae1}</UniqueIdentifier>
    </Filter>
    <Filter Include="src\hgs">
      <UniqueIdentifier>{451b0d1d-f49c-4f43-9bc6-9973d8c8542d}</UniqueIdentifier>
    </Filter>
    <Filter Include="src\smart">
      <UniqueIdentifier>{991b9073-240b-475b-ac63-02e41b5bcf0a}</UniqueIdentifier>
    </Filter>
  </ItemGroup>
  <ItemGroup>
    <ClInclude Include="..\..\src\hgs\CircleSector.h">
      <Filter>src\hgs</Filter>
    </ClInclude>
    <ClInclude Include="..\..\src\hgs\commandline.h">
      <Filter>src\hgs</Filter>
    </ClInclude>
    <ClInclude Include="..\..\src\hgs\Genetic.h">
      <Filter>src\hgs</Filter>
    </ClInclude>
    <ClInclude Include="..\..\src\hgs\Individual.h">
      <Filter>src\hgs</Filter>
    </ClInclude>
    <ClInclude Include="..\..\src\hgs\LocalSearch.h">
      <Filter>src\hgs</Filter>
    </ClInclude>
    <ClInclude Include="..\..\src\hgs\Matrix.h">
      <Filter>src\hgs</Filter>
    </ClInclude>
    <ClInclude Include="..\..\src\hgs\Params.h">
      <Filter>src\hgs</Filter>
    </ClInclude>
    <ClInclude Include="..\..\src\hgs\Population.h">
      <Filter>src\hgs</Filter>
    </ClInclude>
    <ClInclude Include="..\..\src\hgs\Split.h">
      <Filter>src\hgs</Filter>
    </ClInclude>
    <ClInclude Include="..\..\src\hgs\xorshift128.h">
      <Filter>src\hgs</Filter>
    </ClInclude>
    <ClInclude Include="..\..\src\smart\Arr2D.h">
      <Filter>src\smart</Filter>
    </ClInclude>
    <ClInclude Include="..\..\src\smart\Configuration.h">
      <Filter>src\smart</Filter>
    </ClInclude>
    <ClInclude Include="..\..\src\smart\EAX.h">
      <Filter>src\smart</Filter>
    </ClInclude>
    <ClInclude Include="..\..\src\smart\Exception.h">
      <Filter>src\smart</Filter>
    </ClInclude>
    <ClInclude Include="..\..\src\smart\Flag.h">
      <Filter>src\smart</Filter>
    </ClInclude>
    <ClInclude Include="..\..\src\smart\Goal.h">
      <Filter>src\smart</Filter>
    </ClInclude>
    <ClInclude Include="..\..\src\smart\Math.h">
      <Filter>src\smart</Filter>
    </ClInclude>
    <ClInclude Include="..\..\src\smart\Problem.h">
      <Filter>src\smart</Filter>
    </ClInclude>
    <ClInclude Include="..\..\src\smart\Solver.h">
      <Filter>src\smart</Filter>
    </ClInclude>
    <ClInclude Include="..\..\src\smart\Utility.h">
      <Filter>src\smart</Filter>
    </ClInclude>
  </ItemGroup>
  <ItemGroup>
    <ClCompile Include="..\..\src\hgs\Genetic.cpp">
      <Filter>src\hgs</Filter>
    </ClCompile>
    <ClCompile Include="..\..\src\hgs\Individual.cpp">
      <Filter>src\hgs</Filter>
    </ClCompile>
    <ClCompile Include="..\..\src\hgs\LocalSearch.cpp">
      <Filter>src\hgs</Filter>
    </ClCompile>
    <ClCompile Include="..\..\src\hgs\Params.cpp">
      <Filter>src\hgs</Filter>
    </ClCompile>
    <ClCompile Include="..\..\src\hgs\Population.cpp">
      <Filter>src\hgs</Filter>
    </ClCompile>
    <ClCompile Include="..\..\src\hgs\Split.cpp">
      <Filter>src\hgs</Filter>
    </ClCompile>
    <ClCompile Include="..\..\src\smart\Configuration.cpp">
      <Filter>src\smart</Filter>
    </ClCompile>
    <ClCompile Include="..\..\src\smart\EAX.cpp">
      <Filter>src\smart</Filter>
    </ClCompile>
    <ClCompile Include="..\..\src\smart\Flag.cpp">
      <Filter>src\smart</Filter>
    </ClCompile>
    <ClCompile Include="..\..\src\smart\Goal.cpp">
      <Filter>src\smart</Filter>
    </ClCompile>
    <ClCompile Include="..\..\src\smart\Problem.cpp">
      <Filter>src\smart</Filter>
    </ClCompile>
    <ClCompile Include="..\..\src\smart\Solver.cpp">
      <Filter>src\smart</Filter>
    </ClCompile>
    <ClCompile Include="..\..\src\main.cpp">
      <Filter>src</Filter>
    </ClCompile>
  </ItemGroup>
</Project>